
Microsoft Visual Studio Solution File, Format Version 12.00
# Visual Studio Version 17
VisualStudioVersion = 17.0.32112.339
MinimumVisualStudioVersion = 10.0.40219.1
Project("{8BC9CEB8-8B4A-11D0-8D11-00A0C91BC942}") = "Sorting", "Sorting\Sorting.vcxproj", "{DEB98989-169A-4088-B7D0-798A1CDB869C}"
EndProject
Project("{8BC9CEB8-8B4A-11D0-8D11-00A0C91BC942}") = "BubbleSort", "BubbleSort\BubbleSort.vcxproj", "{0C8ACD25-90C9-4FE0-A748-2CF06D802D86}"
EndProject
Project("{8BC9CEB8-8B4A-11D0-8D11-00A0C91BC942}") = "SelectionSort", "SelectionSort\SelectionSort.vcxproj", "{2AFB480B-1D99-4878-9F96-1A9B7A23279A}"
EndProject
Project("{8BC9CEB8-8B4A-11D0-8D11-00A0C91BC942}") = "InsertionSort", "InsertionSort\InsertionSort.vcxproj", "{85598B51-8976-46F4-AFF7-0971ED1BB7F0}"
EndProject
Project("{8BC9CEB8-8B4A-11D0-8D11-00A0C91BC942}") = "HeapSort", "HeapSort\HeapSort.vcxproj", "{4F8BCB01-ADCB-401B-8603-EE70D89E78A9}"
EndProject
Project("{8BC9CEB8-8B4A-11D0-8D11-00A0C91BC942}") = "MergeSort", "MergeSort\MergeSort.vcxproj", "{69563BF9-81A0-4D40-85DF-F80B1DD55933}"
EndProject
Project("{8BC9CEB8-8B4A-11D0-8D11-00A0C91BC942}") = "QuickSort", "QuickSort\QuickSort.vcxproj", "{1798C20C-31D4-4165-A88E-D99595FA0FCA}"
EndProject
Project("{8BC9CEB8-8B4A-11D0-8D11-00A0C91BC942}") = "RadixSort", "RadixSort\RadixSort.vcxproj", "{BF20423C-08E3-4C81-AFFC-9911D09EFD17}"
EndProject
Global
	GlobalSection(SolutionConfigurationPlatforms) = preSolution
		Debug|x64 = Debug|x64
		Debug|x86 = Debug|x86
		Release|x64 = Release|x64
		Release|x86 = Release|x86
	EndGlobalSection
	GlobalSection(ProjectConfigurationPlatforms) = postSolution
		{DEB98989-169A-4088-B7D0-798A1CDB869C}.Debug|x64.ActiveCfg = Debug|x64
		{DEB98989-169A-4088-B7D0-798A1CDB869C}.Debug|x64.Build.0 = Debug|x64
		{DEB98989-169A-4088-B7D0-798A1CDB869C}.Debug|x86.ActiveCfg = Debug|Win32
		{DEB98989-169A-4088-B7D0-798A1CDB869C}.Debug|x86.Build.0 = Debug|Win32
		{DEB98989-169A-4088-B7D0-798A1CDB869C}.Release|x64.ActiveCfg = Release|x64
		{DEB98989-169A-4088-B7D0-798A1CDB869C}.Release|x64.Build.0 = Release|x64
		{DEB98989-169A-4088-B7D0-798A1CDB869C}.Release|x86.ActiveCfg = Release|Win32
		{DEB98989-169A-4088-B7D0-798A1CDB869C}.Release|x86.Build.0 = Release|Win32
		{0C8ACD25-90C9-4FE0-A748-2CF06D802D86}.Debug|x64.ActiveCfg = Debug|x64
		{0C8ACD25-90C9-4FE0-A748-2CF06D802D86}.Debug|x64.Build.0 = Debug|x64
		{0C8ACD25-90C9-4FE0-A748-2CF06D802D86}.Debug|x86.ActiveCfg = Debug|Win32
		{0C8ACD25-90C9-4FE0-A748-2CF06D802D86}.Debug|x86.Build.0 = Debug|Win32
		{0C8ACD25-90C9-4FE0-A748-2CF06D802D86}.Release|x64.ActiveCfg = Release|x64
		{0C8ACD25-90C9-4FE0-A748-2CF06D802D86}.Release|x64.Build.0 = Release|x64
		{0C8ACD25-90C9-4FE0-A748-2CF06D802D86}.Release|x86.ActiveCfg = Release|Win32
		{0C8ACD25-90C9-4FE0-A748-2CF06D802D86}.Release|x86.Build.0 = Release|Win32
		{2AFB480B-1D99-4878-9F96-1A9B7A23279A}.Debug|x64.ActiveCfg = Debug|x64
		{2AFB480B-1D99-4878-9F96-1A9B7A23279A}.Debug|x64.Build.0 = Debug|x64
		{2AFB480B-1D99-4878-9F96-1A9B7A23279A}.Debug|x86.ActiveCfg = Debug|Win32
		{2AFB480B-1D99-4878-9F96-1A9B7A23279A}.Debug|x86.Build.0 = Debug|Win32
		{2AFB480B-1D99-4878-9F96-1A9B7A23279A}.Release|x64.ActiveCfg = Release|x64
		{2AFB480B-1D99-4878-9F96-1A9B7A23279A}.Release|x64.Build.0 = Release|x64
		{2AFB480B-1D99-4878-9F96-1A9B7A23279A}.Release|x86.ActiveCfg = Release|Win32
		{2AFB480B-1D99-4878-9F96-1A9B7A23279A}.Release|x86.Build.0 = Release|Win32
		{85598B51-8976-46F4-AFF7-0971ED1BB7F0}.Debug|x64.ActiveCfg = Debug|x64
		{85598B51-8976-46F4-AFF7-0971ED1BB7F0}.Debug|x64.Build.0 = Debug|x64
		{85598B51-8976-46F4-AFF7-0971ED1BB7F0}.Debug|x86.ActiveCfg = Debug|Win32
		{85598B51-8976-46F4-AFF7-0971ED1BB7F0}.Debug|x86.Build.0 = Debug|Win32
		{85598B51-8976-46F4-AFF7-0971ED1BB7F0}.Release|x64.ActiveCfg = Release|x64
		{85598B51-8976-46F4-AFF7-0971ED1BB7F0}.Release|x64.Build.0 = Release|x64
		{85598B51-8976-46F4-AFF7-0971ED1BB7F0}.Release|x86.ActiveCfg = Release|Win32
		{85598B51-8976-46F4-AFF7-0971ED1BB7F0}.Release|x86.Build.0 = Release|Win32
		{4F8BCB01-ADCB-401B-8603-EE70D89E78A9}.Debug|x64.ActiveCfg = Debug|x64
		{4F8BCB01-ADCB-401B-8603-EE70D89E78A9}.Debug|x64.Build.0 = Debug|x64
		{4F8BCB01-ADCB-401B-8603-EE70D89E78A9}.Debug|x86.ActiveCfg = Debug|Win32
		{4F8BCB01-ADCB-401B-8603-EE70D89E78A9}.Debug|x86.Build.0 = Debug|Win32
		{4F8BCB01-ADCB-401B-8603-EE70D89E78A9}.Release|x64.ActiveCfg = Release|x64
		{4F8BCB01-ADCB-401B-8603-EE70D89E78A9}.Release|x64.Build.0 = Release|x64
		{4F8BCB01-ADCB-401B-8603-EE70D89E78A9}.Release|x86.ActiveCfg = Release|Win32
		{4F8BCB01-ADCB-401B-8603-EE70D89E78A9}.Release|x86.Build.0 = Release|Win32
		{69563BF9-81A0-4D40-85DF-F80B1DD55933}.Debug|x64.ActiveCfg = Debug|x64
		{69563BF9-81A0-4D40-85DF-F80B1DD55933}.Debug|x64.Build.0 = Debug|x64
		{69563BF9-81A0-4D40-85DF-F80B1DD55933}.Debug|x86.ActiveCfg = Debug|Win32
		{69563BF9-81A0-4D40-85DF-F80B1DD55933}.Debug|x86.Build.0 = Debug|Win32
		{69563BF9-81A0-4D40-85DF-F80B1DD55933}.Release|x64.ActiveCfg = Release|x64
		{69563BF9-81A0-4D40-85DF-F80B1DD55933}.Release|x64.Build.0 = Release|x64
		{69563BF9-81A0-4D40-85DF-F80B1DD55933}.Release|x86.ActiveCfg = Release|Win32
		{69563BF9-81A0-4D40-85DF-F80B1DD55933}.Release|x86.Build.0 = Release|Win32
		{1798C20C-31D4-4165-A88E-D99595FA0FCA}.Debug|x64.ActiveCfg = Debug|x64
		{1798C20C-31D4-4165-A88E-D99595FA0FCA}.Debug|x64.Build.0 = Debug|x64
		{1798C20C-31D4-4165-A88E-D99595FA0FCA}.Debug|x86.ActiveCfg = Debug|Win32
		{1798C20C-31D4-4165-A88E-D99595FA0FCA}.Debug|x86.Build.0 = Debug|Win32
		{1798C20C-31D4-4165-A88E-D99595FA0FCA}.Release|x64.ActiveCfg = Release|x64
		{1798C20C-31D4-4165-A88E-D99595FA0FCA}.Release|x64.Build.0 = Release|x64
		{1798C20C-31D4-4165-A88E-D99595FA0FCA}.Release|x86.ActiveCfg = Release|Win32
		{1798C20C-31D4-4165-A88E-D99595FA0FCA}.Release|x86.Build.0 = Release|Win32
		{BF20423C-08E3-4C81-AFFC-9911D09EFD17}.Debug|x64.ActiveCfg = Debug|x64
		{BF20423C-08E3-4C81-AFFC-9911D09EFD17}.Debug|x64.Build.0 = Debug|x64
		{BF20423C-08E3-4C81-AFFC-9911D09EFD17}.Debug|x86.ActiveCfg = Debug|Win32
		{BF20423C-08E3-4C81-AFFC-9911D09EFD17}.Debug|x86.Build.0 = Debug|Win32
		{BF20423C-08E3-4C81-AFFC-9911D09EFD17}.Release|x64.ActiveCfg = Release|x64
		{BF20423C-08E3-4C81-AFFC-9911D09EFD17}.Release|x64.Build.0 = Release|x64
		{BF20423C-08E3-4C81-AFFC-9911D09EFD17}.Release|x86.ActiveCfg = Release|Win32
		{BF20423C-08E3-4C81-AFFC-9911D09EFD17}.Release|x86.Build.0 = Release|Win32
	EndGlobalSection
	GlobalSection(SolutionProperties) = preSolution
		HideSolutionNode = FALSE
	EndGlobalSection
	GlobalSection(ExtensibilityGlobals) = postSolution
		SolutionGuid = {84D472FA-8DA4-4EF6-A7B3-567AE11FCC37}
	EndGlobalSection
EndGlobal
