
Microsoft Visual Studio Solution File, Format Version 12.00
# Visual Studio Version 16
VisualStudioVersion = 16.0.31205.134
MinimumVisualStudioVersion = 10.0.40219.1
Project("{8BC9CEB8-8B4A-11D0-8D11-00A0C91BC942}") = "LinkedList", "DataStructure\DataStructure.vcxproj", "{79663864-1F90-43B0-87CA-DBCEDDE4D9CD}"
EndProject
Project("{8BC9CEB8-8B4A-11D0-8D11-00A0C91BC942}") = "Stack", "Stack\Stack.vcxproj", "{E4B436C9-9CD7-4839-A1A7-4A6E589CD616}"
EndProject
Global
	GlobalSection(SolutionConfigurationPlatforms) = preSolution
		Debug|x64 = Debug|x64
		Debug|x86 = Debug|x86
		Release|x64 = Release|x64
		Release|x86 = Release|x86
	EndGlobalSection
	GlobalSection(ProjectConfigurationPlatforms) = postSolution
		{79663864-1F90-43B0-87CA-DBCEDDE4D9CD}.Debug|x64.ActiveCfg = Debug|x64
		{79663864-1F90-43B0-87CA-DBCEDDE4D9CD}.Debug|x64.Build.0 = Debug|x64
		{79663864-1F90-43B0-87CA-DBCEDDE4D9CD}.Debug|x86.ActiveCfg = Debug|Win32
		{79663864-1F90-43B0-87CA-DBCEDDE4D9CD}.Debug|x86.Build.0 = Debug|Win32
		{79663864-1F90-43B0-87CA-DBCEDDE4D9CD}.Release|x64.ActiveCfg = Release|x64
		{79663864-1F90-43B0-87CA-DBCEDDE4D9CD}.Release|x64.Build.0 = Release|x64
		{79663864-1F90-43B0-87CA-DBCEDDE4D9CD}.Release|x86.ActiveCfg = Release|Win32
		{79663864-1F90-43B0-87CA-DBCEDDE4D9CD}.Release|x86.Build.0 = Release|Win32
		{E4B436C9-9CD7-4839-A1A7-4A6E589CD616}.Debug|x64.ActiveCfg = Debug|x64
		{E4B436C9-9CD7-4839-A1A7-4A6E589CD616}.Debug|x64.Build.0 = Debug|x64
		{E4B436C9-9CD7-4839-A1A7-4A6E589CD616}.Debug|x86.ActiveCfg = Debug|Win32
		{E4B436C9-9CD7-4839-A1A7-4A6E589CD616}.Debug|x86.Build.0 = Debug|Win32
		{E4B436C9-9CD7-4839-A1A7-4A6E589CD616}.Release|x64.ActiveCfg = Release|x64
		{E4B436C9-9CD7-4839-A1A7-4A6E589CD616}.Release|x64.Build.0 = Release|x64
		{E4B436C9-9CD7-4839-A1A7-4A6E589CD616}.Release|x86.ActiveCfg = Release|Win32
		{E4B436C9-9CD7-4839-A1A7-4A6E589CD616}.Release|x86.Build.0 = Release|Win32
	EndGlobalSection
	GlobalSection(SolutionProperties) = preSolution
		HideSolutionNode = FALSE
	EndGlobalSection
	GlobalSection(ExtensibilityGlobals) = postSolution
		SolutionGuid = {B1F60997-3FD1-445E-984F-8FB0D0F9F536}
	EndGlobalSection
EndGlobal
